// !$*UTF8*$!
{
	archiveVersion = 1;
	classes = {
	};
	objectVersion = 55;
	objects = {

/* Begin PBXBuildFile section */
		6968B6C32874AE5700EA25F7 /* BikeStationsApp.swift in Sources */ = {isa = PBXBuildFile; fileRef = 6968B6C22874AE5700EA25F7 /* BikeStationsApp.swift */; };
		6968B6C72874AE5900EA25F7 /* Assets.xcassets in Resources */ = {isa = PBXBuildFile; fileRef = 6968B6C62874AE5900EA25F7 /* Assets.xcassets */; };
		6968B6CA2874AE5900EA25F7 /* Preview Assets.xcassets in Resources */ = {isa = PBXBuildFile; fileRef = 6968B6C92874AE5900EA25F7 /* Preview Assets.xcassets */; };
		69A759742874B70F0023CE13 /* StationsListView.swift in Sources */ = {isa = PBXBuildFile; fileRef = 69A759732874B70F0023CE13 /* StationsListView.swift */; };
		69A759762874B7B00023CE13 /* StationInfoView.swift in Sources */ = {isa = PBXBuildFile; fileRef = 69A759752874B7B00023CE13 /* StationInfoView.swift */; };
		69A759782874BA5A0023CE13 /* Station.swift in Sources */ = {isa = PBXBuildFile; fileRef = 69A759772874BA5A0023CE13 /* Station.swift */; };
		69A7597A2874BE550023CE13 /* StationInfoMapView.swift in Sources */ = {isa = PBXBuildFile; fileRef = 69A759792874BE550023CE13 /* StationInfoMapView.swift */; };
		69A7597D2874BF290023CE13 /* Geometry.swift in Sources */ = {isa = PBXBuildFile; fileRef = 69A7597C2874BF290023CE13 /* Geometry.swift */; };
		69A7597F2874BF4E0023CE13 /* StationProperties.swift in Sources */ = {isa = PBXBuildFile; fileRef = 69A7597E2874BF4E0023CE13 /* StationProperties.swift */; };
		69A759812874C62D0023CE13 /* Place.swift in Sources */ = {isa = PBXBuildFile; fileRef = 69A759802874C62D0023CE13 /* Place.swift */; };
		69A759832874C7060023CE13 /* StationInfoViewModel.swift in Sources */ = {isa = PBXBuildFile; fileRef = 69A759822874C7060023CE13 /* StationInfoViewModel.swift */; };
		69A759872874DB700023CE13 /* StationListViewModel.swift in Sources */ = {isa = PBXBuildFile; fileRef = 69A759862874DB700023CE13 /* StationListViewModel.swift */; };
		69A759892874E8790023CE13 /* StationInfoMapViewModel.swift in Sources */ = {isa = PBXBuildFile; fileRef = 69A759882874E8790023CE13 /* StationInfoMapViewModel.swift */; };
		69A7598C28755DCC0023CE13 /* StationRepository.swift in Sources */ = {isa = PBXBuildFile; fileRef = 69A7598B28755DCC0023CE13 /* StationRepository.swift */; };
		69A7598F28755E120023CE13 /* APIClient.swift in Sources */ = {isa = PBXBuildFile; fileRef = 69A7598E28755E120023CE13 /* APIClient.swift */; };
		69A75991287561BB0023CE13 /* HTTPRequest.swift in Sources */ = {isa = PBXBuildFile; fileRef = 69A75990287561BB0023CE13 /* HTTPRequest.swift */; };
		69A75994287562690023CE13 /* StationRequest.swift in Sources */ = {isa = PBXBuildFile; fileRef = 69A75993287562690023CE13 /* StationRequest.swift */; };
/* End PBXBuildFile section */

/* Begin PBXFileReference section */
		6968B6BF2874AE5700EA25F7 /* BikeStations.app */ = {isa = PBXFileReference; explicitFileType = wrapper.application; includeInIndex = 0; path = BikeStations.app; sourceTree = BUILT_PRODUCTS_DIR; };
		6968B6C22874AE5700EA25F7 /* BikeStationsApp.swift */ = {isa = PBXFileReference; lastKnownFileType = sourcecode.swift; path = BikeStationsApp.swift; sourceTree = "<group>"; };
		6968B6C62874AE5900EA25F7 /* Assets.xcassets */ = {isa = PBXFileReference; lastKnownFileType = folder.assetcatalog; path = Assets.xcassets; sourceTree = "<group>"; };
		6968B6C92874AE5900EA25F7 /* Preview Assets.xcassets */ = {isa = PBXFileReference; lastKnownFileType = folder.assetcatalog; path = "Preview Assets.xcassets"; sourceTree = "<group>"; };
		69A759732874B70F0023CE13 /* StationsListView.swift */ = {isa = PBXFileReference; lastKnownFileType = sourcecode.swift; path = StationsListView.swift; sourceTree = "<group>"; };
		69A759752874B7B00023CE13 /* StationInfoView.swift */ = {isa = PBXFileReference; lastKnownFileType = sourcecode.swift; path = StationInfoView.swift; sourceTree = "<group>"; };
		69A759772874BA5A0023CE13 /* Station.swift */ = {isa = PBXFileReference; lastKnownFileType = sourcecode.swift; path = Station.swift; sourceTree = "<group>"; };
		69A759792874BE550023CE13 /* StationInfoMapView.swift */ = {isa = PBXFileReference; lastKnownFileType = sourcecode.swift; path = StationInfoMapView.swift; sourceTree = "<group>"; };
		69A7597C2874BF290023CE13 /* Geometry.swift */ = {isa = PBXFileReference; lastKnownFileType = sourcecode.swift; path = Geometry.swift; sourceTree = "<group>"; };
		69A7597E2874BF4E0023CE13 /* StationProperties.swift */ = {isa = PBXFileReference; lastKnownFileType = sourcecode.swift; path = StationProperties.swift; sourceTree = "<group>"; };
		69A759802874C62D0023CE13 /* Place.swift */ = {isa = PBXFileReference; lastKnownFileType = sourcecode.swift; path = Place.swift; sourceTree = "<group>"; };
		69A759822874C7060023CE13 /* StationInfoViewModel.swift */ = {isa = PBXFileReference; lastKnownFileType = sourcecode.swift; path = StationInfoViewModel.swift; sourceTree = "<group>"; };
		69A759862874DB700023CE13 /* StationListViewModel.swift */ = {isa = PBXFileReference; lastKnownFileType = sourcecode.swift; path = StationListViewModel.swift; sourceTree = "<group>"; };
		69A759882874E8790023CE13 /* StationInfoMapViewModel.swift */ = {isa = PBXFileReference; lastKnownFileType = sourcecode.swift; path = StationInfoMapViewModel.swift; sourceTree = "<group>"; };
		69A7598B28755DCC0023CE13 /* StationRepository.swift */ = {isa = PBXFileReference; lastKnownFileType = sourcecode.swift; path = StationRepository.swift; sourceTree = "<group>"; };
		69A7598E28755E120023CE13 /* APIClient.swift */ = {isa = PBXFileReference; lastKnownFileType = sourcecode.swift; path = APIClient.swift; sourceTree = "<group>"; };
		69A75990287561BB0023CE13 /* HTTPRequest.swift */ = {isa = PBXFileReference; lastKnownFileType = sourcecode.swift; path = HTTPRequest.swift; sourceTree = "<group>"; };
		69A75993287562690023CE13 /* StationRequest.swift */ = {isa = PBXFileReference; lastKnownFileType = sourcecode.swift; path = StationRequest.swift; sourceTree = "<group>"; };
/* End PBXFileReference section */

/* Begin PBXFrameworksBuildPhase section */
		6968B6BC2874AE5700EA25F7 /* Frameworks */ = {
			isa = PBXFrameworksBuildPhase;
			buildActionMask = 2147483647;
			files = (
			);
			runOnlyForDeploymentPostprocessing = 0;
		};
/* End PBXFrameworksBuildPhase section */

/* Begin PBXGroup section */
		6968B6B62874AE5700EA25F7 = {
			isa = PBXGroup;
			children = (
				6968B6C12874AE5700EA25F7 /* BikeStations */,
				6968B6C02874AE5700EA25F7 /* Products */,
			);
			sourceTree = "<group>";
		};
		6968B6C02874AE5700EA25F7 /* Products */ = {
			isa = PBXGroup;
			children = (
				6968B6BF2874AE5700EA25F7 /* BikeStations.app */,
			);
			name = Products;
			sourceTree = "<group>";
		};
		6968B6C12874AE5700EA25F7 /* BikeStations */ = {
			isa = PBXGroup;
			children = (
				69A7598D28755DDC0023CE13 /* Services */,
				69A7598A28755D9E0023CE13 /* Repository */,
				69A7597B2874BF010023CE13 /* Model */,
				69A759842874D9830023CE13 /* View */,
				69A759852874D9A20023CE13 /* ViewModel */,
				6968B6C22874AE5700EA25F7 /* BikeStationsApp.swift */,
				6968B6C62874AE5900EA25F7 /* Assets.xcassets */,
				6968B6C82874AE5900EA25F7 /* Preview Content */,
			);
			path = BikeStations;
			sourceTree = "<group>";
		};
		6968B6C82874AE5900EA25F7 /* Preview Content */ = {
			isa = PBXGroup;
			children = (
				6968B6C92874AE5900EA25F7 /* Preview Assets.xcassets */,
			);
			path = "Preview Content";
			sourceTree = "<group>";
		};
		69A7597B2874BF010023CE13 /* Model */ = {
			isa = PBXGroup;
			children = (
				69A759772874BA5A0023CE13 /* Station.swift */,
				69A7597C2874BF290023CE13 /* Geometry.swift */,
				69A7597E2874BF4E0023CE13 /* StationProperties.swift */,
				69A759802874C62D0023CE13 /* Place.swift */,
			);
			path = Model;
			sourceTree = "<group>";
		};
		69A759842874D9830023CE13 /* View */ = {
			isa = PBXGroup;
			children = (
				69A759732874B70F0023CE13 /* StationsListView.swift */,
				69A759752874B7B00023CE13 /* StationInfoView.swift */,
				69A759792874BE550023CE13 /* StationInfoMapView.swift */,
			);
			path = View;
			sourceTree = "<group>";
		};
		69A759852874D9A20023CE13 /* ViewModel */ = {
			isa = PBXGroup;
			children = (
				69A759822874C7060023CE13 /* StationInfoViewModel.swift */,
				69A759862874DB700023CE13 /* StationListViewModel.swift */,
				69A759882874E8790023CE13 /* StationInfoMapViewModel.swift */,
			);
			path = ViewModel;
			sourceTree = "<group>";
		};
		69A7598A28755D9E0023CE13 /* Repository */ = {
			isa = PBXGroup;
			children = (
				69A75992287562530023CE13 /* Station */,
			);
			path = Repository;
			sourceTree = "<group>";
		};
		69A7598D28755DDC0023CE13 /* Services */ = {
			isa = PBXGroup;
			children = (
				69A7598E28755E120023CE13 /* APIClient.swift */,
				69A75990287561BB0023CE13 /* HTTPRequest.swift */,
			);
			path = Services;
			sourceTree = "<group>";
		};
		69A75992287562530023CE13 /* Station */ = {
			isa = PBXGroup;
			children = (
				69A7598B28755DCC0023CE13 /* StationRepository.swift */,
				69A75993287562690023CE13 /* StationRequest.swift */,
			);
			path = Station;
			sourceTree = "<group>";
		};
/* End PBXGroup section */

/* Begin PBXNativeTarget section */
		6968B6BE2874AE5700EA25F7 /* BikeStations */ = {
			isa = PBXNativeTarget;
			buildConfigurationList = 6968B6CD2874AE5900EA25F7 /* Build configuration list for PBXNativeTarget "BikeStations" */;
			buildPhases = (
				6968B6BB2874AE5700EA25F7 /* Sources */,
				6968B6BC2874AE5700EA25F7 /* Frameworks */,
				6968B6BD2874AE5700EA25F7 /* Resources */,
			);
			buildRules = (
			);
			dependencies = (
			);
			name = BikeStations;
			productName = BikeStations;
			productReference = 6968B6BF2874AE5700EA25F7 /* BikeStations.app */;
			productType = "com.apple.product-type.application";
		};
/* End PBXNativeTarget section */

/* Begin PBXProject section */
		6968B6B72874AE5700EA25F7 /* Project object */ = {
			isa = PBXProject;
			attributes = {
				BuildIndependentTargetsInParallel = 1;
				LastSwiftUpdateCheck = 1320;
				LastUpgradeCheck = 1320;
				TargetAttributes = {
					6968B6BE2874AE5700EA25F7 = {
						CreatedOnToolsVersion = 13.2.1;
					};
				};
			};
			buildConfigurationList = 6968B6BA2874AE5700EA25F7 /* Build configuration list for PBXProject "BikeStations" */;
			compatibilityVersion = "Xcode 13.0";
			developmentRegion = en;
			hasScannedForEncodings = 0;
			knownRegions = (
				en,
				Base,
			);
			mainGroup = 6968B6B62874AE5700EA25F7;
			productRefGroup = 6968B6C02874AE5700EA25F7 /* Products */;
			projectDirPath = "";
			projectRoot = "";
			targets = (
				6968B6BE2874AE5700EA25F7 /* BikeStations */,
			);
		};
/* End PBXProject section */

/* Begin PBXResourcesBuildPhase section */
		6968B6BD2874AE5700EA25F7 /* Resources */ = {
			isa = PBXResourcesBuildPhase;
			buildActionMask = 2147483647;
			files = (
				6968B6CA2874AE5900EA25F7 /* Preview Assets.xcassets in Resources */,
				6968B6C72874AE5900EA25F7 /* Assets.xcassets in Resources */,
			);
			runOnlyForDeploymentPostprocessing = 0;
		};
/* End PBXResourcesBuildPhase section */

/* Begin PBXSourcesBuildPhase section */
		6968B6BB2874AE5700EA25F7 /* Sources */ = {
			isa = PBXSourcesBuildPhase;
			buildActionMask = 2147483647;
			files = (
				69A7597A2874BE550023CE13 /* StationInfoMapView.swift in Sources */,
				69A759872874DB700023CE13 /* StationListViewModel.swift in Sources */,
				69A7597D2874BF290023CE13 /* Geometry.swift in Sources */,
				69A759892874E8790023CE13 /* StationInfoMapViewModel.swift in Sources */,
				6968B6C32874AE5700EA25F7 /* BikeStationsApp.swift in Sources */,
				69A759832874C7060023CE13 /* StationInfoViewModel.swift in Sources */,
				69A759812874C62D0023CE13 /* Place.swift in Sources */,
				69A759742874B70F0023CE13 /* StationsListView.swift in Sources */,
				69A7598C28755DCC0023CE13 /* StationRepository.swift in Sources */,
				69A7598F28755E120023CE13 /* APIClient.swift in Sources */,
				69A759782874BA5A0023CE13 /* Station.swift in Sources */,
				69A75991287561BB0023CE13 /* HTTPRequest.swift in Sources */,
				69A75994287562690023CE13 /* StationRequest.swift in Sources */,
				69A7597F2874BF4E0023CE13 /* StationProperties.swift in Sources */,
				69A759762874B7B00023CE13 /* StationInfoView.swift in Sources */,
			);
			runOnlyForDeploymentPostprocessing = 0;
		};
/* End PBXSourcesBuildPhase section */

/* Begin XCBuildConfiguration section */
		6968B6CB2874AE5900EA25F7 /* Debug */ = {
			isa = XCBuildConfiguration;
			buildSettings = {
				ALWAYS_SEARCH_USER_PATHS = NO;
				CLANG_ANALYZER_NONNULL = YES;
				CLANG_ANALYZER_NUMBER_OBJECT_CONVERSION = YES_AGGRESSIVE;
				CLANG_CXX_LANGUAGE_STANDARD = "gnu++17";
				CLANG_CXX_LIBRARY = "libc++";
				CLANG_ENABLE_MODULES = YES;
				CLANG_ENABLE_OBJC_ARC = YES;
				CLANG_ENABLE_OBJC_WEAK = YES;
				CLANG_WARN_BLOCK_CAPTURE_AUTORELEASING = YES;
				CLANG_WARN_BOOL_CONVERSION = YES;
				CLANG_WARN_COMMA = YES;
				CLANG_WARN_CONSTANT_CONVERSION = YES;
				CLANG_WARN_DEPRECATED_OBJC_IMPLEMENTATIONS = YES;
				CLANG_WARN_DIRECT_OBJC_ISA_USAGE = YES_ERROR;
				CLANG_WARN_DOCUMENTATION_COMMENTS = YES;
				CLANG_WARN_EMPTY_BODY = YES;
				CLANG_WARN_ENUM_CONVERSION = YES;
				CLANG_WARN_INFINITE_RECURSION = YES;
				CLANG_WARN_INT_CONVERSION = YES;
				CLANG_WARN_NON_LITERAL_NULL_CONVERSION = YES;
				CLANG_WARN_OBJC_IMPLICIT_RETAIN_SELF = YES;
				CLANG_WARN_OBJC_LITERAL_CONVERSION = YES;
				CLANG_WARN_OBJC_ROOT_CLASS = YES_ERROR;
				CLANG_WARN_QUOTED_INCLUDE_IN_FRAMEWORK_HEADER = YES;
				CLANG_WARN_RANGE_LOOP_ANALYSIS = YES;
				CLANG_WARN_STRICT_PROTOTYPES = YES;
				CLANG_WARN_SUSPICIOUS_MOVE = YES;
				CLANG_WARN_UNGUARDED_AVAILABILITY = YES_AGGRESSIVE;
				CLANG_WARN_UNREACHABLE_CODE = YES;
				CLANG_WARN__DUPLICATE_METHOD_MATCH = YES;
				COPY_PHASE_STRIP = NO;
				DEBUG_INFORMATION_FORMAT = dwarf;
				ENABLE_STRICT_OBJC_MSGSEND = YES;
				ENABLE_TESTABILITY = YES;
				GCC_C_LANGUAGE_STANDARD = gnu11;
				GCC_DYNAMIC_NO_PIC = NO;
				GCC_NO_COMMON_BLOCKS = YES;
				GCC_OPTIMIZATION_LEVEL = 0;
				GCC_PREPROCESSOR_DEFINITIONS = (
					"DEBUG=1",
					"$(inherited)",
				);
				GCC_WARN_64_TO_32_BIT_CONVERSION = YES;
				GCC_WARN_ABOUT_RETURN_TYPE = YES_ERROR;
				GCC_WARN_UNDECLARED_SELECTOR = YES;
				GCC_WARN_UNINITIALIZED_AUTOS = YES_AGGRESSIVE;
				GCC_WARN_UNUSED_FUNCTION = YES;
				GCC_WARN_UNUSED_VARIABLE = YES;
				IPHONEOS_DEPLOYMENT_TARGET = 14.0;
				MTL_ENABLE_DEBUG_INFO = INCLUDE_SOURCE;
				MTL_FAST_MATH = YES;
				ONLY_ACTIVE_ARCH = YES;
				SDKROOT = iphoneos;
				SWIFT_ACTIVE_COMPILATION_CONDITIONS = DEBUG;
				SWIFT_OPTIMIZATION_LEVEL = "-Onone";
			};
			name = Debug;
		};
		6968B6CC2874AE5900EA25F7 /* Release */ = {
			isa = XCBuildConfiguration;
			buildSettings = {
				ALWAYS_SEARCH_USER_PATHS = NO;
				CLANG_ANALYZER_NONNULL = YES;
				CLANG_ANALYZER_NUMBER_OBJECT_CONVERSION = YES_AGGRESSIVE;
				CLANG_CXX_LANGUAGE_STANDARD = "gnu++17";
				CLANG_CXX_LIBRARY = "libc++";
				CLANG_ENABLE_MODULES = YES;
				CLANG_ENABLE_OBJC_ARC = YES;
				CLANG_ENABLE_OBJC_WEAK = YES;
				CLANG_WARN_BLOCK_CAPTURE_AUTORELEASING = YES;
				CLANG_WARN_BOOL_CONVERSION = YES;
				CLANG_WARN_COMMA = YES;
				CLANG_WARN_CONSTANT_CONVERSION = YES;
				CLANG_WARN_DEPRECATED_OBJC_IMPLEMENTATIONS = YES;
				CLANG_WARN_DIRECT_OBJC_ISA_USAGE = YES_ERROR;
				CLANG_WARN_DOCUMENTATION_COMMENTS = YES;
				CLANG_WARN_EMPTY_BODY = YES;
				CLANG_WARN_ENUM_CONVERSION = YES;
				CLANG_WARN_INFINITE_RECURSION = YES;
				CLANG_WARN_INT_CONVERSION = YES;
				CLANG_WARN_NON_LITERAL_NULL_CONVERSION = YES;
				CLANG_WARN_OBJC_IMPLICIT_RETAIN_SELF = YES;
				CLANG_WARN_OBJC_LITERAL_CONVERSION = YES;
				CLANG_WARN_OBJC_ROOT_CLASS = YES_ERROR;
				CLANG_WARN_QUOTED_INCLUDE_IN_FRAMEWORK_HEADER = YES;
				CLANG_WARN_RANGE_LOOP_ANALYSIS = YES;
				CLANG_WARN_STRICT_PROTOTYPES = YES;
				CLANG_WARN_SUSPICIOUS_MOVE = YES;
				CLANG_WARN_UNGUARDED_AVAILABILITY = YES_AGGRESSIVE;
				CLANG_WARN_UNREACHABLE_CODE = YES;
				CLANG_WARN__DUPLICATE_METHOD_MATCH = YES;
				COPY_PHASE_STRIP = NO;
				DEBUG_INFORMATION_FORMAT = "dwarf-with-dsym";
				ENABLE_NS_ASSERTIONS = NO;
				ENABLE_STRICT_OBJC_MSGSEND = YES;
				GCC_C_LANGUAGE_STANDARD = gnu11;
				GCC_NO_COMMON_BLOCKS = YES;
				GCC_WARN_64_TO_32_BIT_CONVERSION = YES;
				GCC_WARN_ABOUT_RETURN_TYPE = YES_ERROR;
				GCC_WARN_UNDECLARED_SELECTOR = YES;
				GCC_WARN_UNINITIALIZED_AUTOS = YES_AGGRESSIVE;
				GCC_WARN_UNUSED_FUNCTION = YES;
				GCC_WARN_UNUSED_VARIABLE = YES;
				IPHONEOS_DEPLOYMENT_TARGET = 14.0;
				MTL_ENABLE_DEBUG_INFO = NO;
				MTL_FAST_MATH = YES;
				SDKROOT = iphoneos;
				SWIFT_COMPILATION_MODE = wholemodule;
				SWIFT_OPTIMIZATION_LEVEL = "-O";
				VALIDATE_PRODUCT = YES;
			};
			name = Release;
		};
		6968B6CE2874AE5900EA25F7 /* Debug */ = {
			isa = XCBuildConfiguration;
			buildSettings = {
				ASSETCATALOG_COMPILER_APPICON_NAME = AppIcon;
				ASSETCATALOG_COMPILER_GLOBAL_ACCENT_COLOR_NAME = AccentColor;
				CODE_SIGN_STYLE = Automatic;
				CURRENT_PROJECT_VERSION = 1;
				DEVELOPMENT_ASSET_PATHS = "\"BikeStations/Preview Content\"";
				DEVELOPMENT_TEAM = F74Y822XC3;
				ENABLE_PREVIEWS = YES;
				GENERATE_INFOPLIST_FILE = YES;
				INFOPLIST_KEY_UIApplicationSceneManifest_Generation = YES;
				INFOPLIST_KEY_UIApplicationSupportsIndirectInputEvents = YES;
				INFOPLIST_KEY_UILaunchScreen_Generation = YES;
				INFOPLIST_KEY_UISupportedInterfaceOrientations_iPad = "UIInterfaceOrientationPortrait UIInterfaceOrientationPortraitUpsideDown UIInterfaceOrientationLandscapeLeft UIInterfaceOrientationLandscapeRight";
				INFOPLIST_KEY_UISupportedInterfaceOrientations_iPhone = "UIInterfaceOrientationPortrait UIInterfaceOrientationLandscapeLeft UIInterfaceOrientationLandscapeRight";
				IPHONEOS_DEPLOYMENT_TARGET = 14.0;
				LD_RUNPATH_SEARCH_PATHS = (
					"$(inherited)",
					"@executable_path/Frameworks",
				);
				MARKETING_VERSION = 1.0;
				PRODUCT_BUNDLE_IDENTIFIER = "najeeb-ios.BikeStations";
				PRODUCT_NAME = "$(TARGET_NAME)";
				SWIFT_EMIT_LOC_STRINGS = YES;
				SWIFT_VERSION = 5.0;
				TARGETED_DEVICE_FAMILY = 1;
			};
			name = Debug;
		};
		6968B6CF2874AE5900EA25F7 /* Release */ = {
			isa = XCBuildConfiguration;
			buildSettings = {
				ASSETCATALOG_COMPILER_APPICON_NAME = AppIcon;
				ASSETCATALOG_COMPILER_GLOBAL_ACCENT_COLOR_NAME = AccentColor;
				CODE_SIGN_STYLE = Automatic;
				CURRENT_PROJECT_VERSION = 1;
				DEVELOPMENT_ASSET_PATHS = "\"BikeStations/Preview Content\"";
				DEVELOPMENT_TEAM = F74Y822XC3;
				ENABLE_PREVIEWS = YES;
				GENERATE_INFOPLIST_FILE = YES;
				INFOPLIST_KEY_UIApplicationSceneManifest_Generation = YES;
				INFOPLIST_KEY_UIApplicationSupportsIndirectInputEvents = YES;
				INFOPLIST_KEY_UILaunchScreen_Generation = YES;
				INFOPLIST_KEY_UISupportedInterfaceOrientations_iPad = "UIInterfaceOrientationPortrait UIInterfaceOrientationPortraitUpsideDown UIInterfaceOrientationLandscapeLeft UIInterfaceOrientationLandscapeRight";
				INFOPLIST_KEY_UISupportedInterfaceOrientations_iPhone = "UIInterfaceOrientationPortrait UIInterfaceOrientationLandscapeLeft UIInterfaceOrientationLandscapeRight";
				IPHONEOS_DEPLOYMENT_TARGET = 14.0;
				LD_RUNPATH_SEARCH_PATHS = (
					"$(inherited)",
					"@executable_path/Frameworks",
				);
				MARKETING_VERSION = 1.0;
				PRODUCT_BUNDLE_IDENTIFIER = "najeeb-ios.BikeStations";
				PRODUCT_NAME = "$(TARGET_NAME)";
				SWIFT_EMIT_LOC_STRINGS = YES;
				SWIFT_VERSION = 5.0;
				TARGETED_DEVICE_FAMILY = 1;
			};
			name = Release;
		};
/* End XCBuildConfiguration section */

/* Begin XCConfigurationList section */
		6968B6BA2874AE5700EA25F7 /* Build configuration list for PBXProject "BikeStations" */ = {
			isa = XCConfigurationList;
			buildConfigurations = (
				6968B6CB2874AE5900EA25F7 /* Debug */,
				6968B6CC2874AE5900EA25F7 /* Release */,
			);
			defaultConfigurationIsVisible = 0;
			defaultConfigurationName = Release;
		};
		6968B6CD2874AE5900EA25F7 /* Build configuration list for PBXNativeTarget "BikeStations" */ = {
			isa = XCConfigurationList;
			buildConfigurations = (
				6968B6CE2874AE5900EA25F7 /* Debug */,
				6968B6CF2874AE5900EA25F7 /* Release */,
			);
			defaultConfigurationIsVisible = 0;
			defaultConfigurationName = Release;
		};
/* End XCConfigurationList section */
	};
	rootObject = 6968B6B72874AE5700EA25F7 /* Project object */;
}
